
Microsoft Visual Studio Solution File, Format Version 12.00
# Visual Studio Version 16
VisualStudioVersion = 16.0.30011.22
MinimumVisualStudioVersion = 10.0.40219.1
Project("{FAE04EC0-301F-11D3-BF4B-00C04F79EFBC}") = "Krest_Nol", "Krest_Nol\Krest_Nol.csproj", "{167E6A63-8D58-420A-9FE7-7C49C3523438}"
EndProject
Global
	GlobalSection(SolutionConfigurationPlatforms) = preSolution
		Debug|Any CPU = Debug|Any CPU
		Release|Any CPU = Release|Any CPU
	EndGlobalSection
	GlobalSection(ProjectConfigurationPlatforms) = postSolution
		{167E6A63-8D58-420A-9FE7-7C49C3523438}.Debug|Any CPU.ActiveCfg = Debug|Any CPU
		{167E6A63-8D58-420A-9FE7-7C49C3523438}.Debug|Any CPU.Build.0 = Debug|Any CPU
		{167E6A63-8D58-420A-9FE7-7C49C3523438}.Release|Any CPU.ActiveCfg = Release|Any CPU
		{167E6A63-8D58-420A-9FE7-7C49C3523438}.Release|Any CPU.Build.0 = Release|Any CPU
	EndGlobalSection
	GlobalSection(SolutionProperties) = preSolution
		HideSolutionNode = FALSE
	EndGlobalSection
	GlobalSection(ExtensibilityGlobals) = postSolution
		SolutionGuid = {6DDBFD9A-73E9-407C-9519-985FE2BB8F12}
	EndGlobalSection
EndGlobal
